
Microsoft Visual Studio Solution File, Format Version 12.00
# Visual Studio 2017
Project("{FAE04EC0-301F-11D3-BF4B-00C04F79EFBC}") = "ForcelingScripts", "ForcelingScripts.csproj", "{F9F98C2C-921E-7ECF-4B42-A2FEA69C7BF4}"
EndProject
Project("{FAE04EC0-301F-11D3-BF4B-00C04F79EFBC}") = "ForcelingScripts.Editor", "ForcelingScripts.Editor.csproj", "{7FA8F497-AED6-F376-96D2-B78501379974}"
EndProject
Global
	GlobalSection(SolutionConfigurationPlatforms) = preSolution
		Debug|Any CPU = Debug|Any CPU
		Release|Any CPU = Release|Any CPU
	EndGlobalSection
	GlobalSection(ProjectConfigurationPlatforms) = postSolution
		{F9F98C2C-921E-7ECF-4B42-A2FEA69C7BF4}.Debug|Any CPU.ActiveCfg = Debug|Any CPU
		{F9F98C2C-921E-7ECF-4B42-A2FEA69C7BF4}.Debug|Any CPU.Build.0 = Debug|Any CPU
		{F9F98C2C-921E-7ECF-4B42-A2FEA69C7BF4}.Release|Any CPU.ActiveCfg = Release|Any CPU
		{F9F98C2C-921E-7ECF-4B42-A2FEA69C7BF4}.Release|Any CPU.Build.0 = Release|Any CPU
		{7FA8F497-AED6-F376-96D2-B78501379974}.Debug|Any CPU.ActiveCfg = Debug|Any CPU
		{7FA8F497-AED6-F376-96D2-B78501379974}.Debug|Any CPU.Build.0 = Debug|Any CPU
		{7FA8F497-AED6-F376-96D2-B78501379974}.Release|Any CPU.ActiveCfg = Release|Any CPU
		{7FA8F497-AED6-F376-96D2-B78501379974}.Release|Any CPU.Build.0 = Release|Any CPU
	EndGlobalSection
	GlobalSection(SolutionProperties) = preSolution
		HideSolutionNode = FALSE
	EndGlobalSection
EndGlobal
